
Microsoft Visual Studio Solution File, Format Version 12.00
# Visual Studio Version 17
VisualStudioVersion = 17.13.35825.156 d17.13
MinimumVisualStudioVersion = 10.0.40219.1
Project("{FAE04EC0-301F-11D3-BF4B-00C04F79EFBC}") = "MSkaut", "MSkaut.csproj", "{533CFB2B-F253-4CA0-97D9-0B6F049A822F}"
EndProject
Project("{FAE04EC0-301F-11D3-BF4B-00C04F79EFBC}") = "UserInterface", "..\UserInterface\UserInterface.csproj", "{1FD0BDF4-CCF8-6D65-F7F8-F3758598E0D0}"
EndProject
Global
	GlobalSection(SolutionConfigurationPlatforms) = preSolution
		Debug|Any CPU = Debug|Any CPU
		Release|Any CPU = Release|Any CPU
	EndGlobalSection
	GlobalSection(ProjectConfigurationPlatforms) = postSolution
		{533CFB2B-F253-4CA0-97D9-0B6F049A822F}.Debug|Any CPU.ActiveCfg = Debug|Any CPU
		{533CFB2B-F253-4CA0-97D9-0B6F049A822F}.Debug|Any CPU.Build.0 = Debug|Any CPU
		{533CFB2B-F253-4CA0-97D9-0B6F049A822F}.Release|Any CPU.ActiveCfg = Release|Any CPU
		{533CFB2B-F253-4CA0-97D9-0B6F049A822F}.Release|Any CPU.Build.0 = Release|Any CPU
		{1FD0BDF4-CCF8-6D65-F7F8-F3758598E0D0}.Debug|Any CPU.ActiveCfg = Debug|Any CPU
		{1FD0BDF4-CCF8-6D65-F7F8-F3758598E0D0}.Debug|Any CPU.Build.0 = Debug|Any CPU
		{1FD0BDF4-CCF8-6D65-F7F8-F3758598E0D0}.Release|Any CPU.ActiveCfg = Release|Any CPU
		{1FD0BDF4-CCF8-6D65-F7F8-F3758598E0D0}.Release|Any CPU.Build.0 = Release|Any CPU
	EndGlobalSection
	GlobalSection(SolutionProperties) = preSolution
		HideSolutionNode = FALSE
	EndGlobalSection
	GlobalSection(ExtensibilityGlobals) = postSolution
		SolutionGuid = {0DDE998B-DACD-4D99-88B3-44ECE040E057}
	EndGlobalSection
EndGlobal
